{
  "name": "@camunda8/go-api-changelog",
  "version": "0.1.0",
  "lockfileVersion": 3,
  "requires": true,
  "packages": {
    "": {
      "name": "@camunda8/go-api-changelog",
      "version": "0.1.0",
      "dependencies": {
        "json-diff": "^1.0.6",
        "yaml": "^2.8.3"
      }
    },
    "../camunda-schema-bundler": {
      "version": "2.0.0",
      "extraneous": true,
      "license": "Apache-2.0",
      "dependencies": {
        "@apidevtools/swagger-parser": "^10.1.1",
        "yaml": "^2.7.1"
      },
      "bin": {
        "camunda-schema-bundler": "dist/cli.js"
      },
      "devDependencies": {
        "@commitlint/cli": "^20.4.1",
        "@commitlint/config-conventional": "^20.4.1",
        "@semantic-release/changelog": "^6.0.3",
        "@semantic-release/git": "^10.0.1",
        "@semantic-release/github": "^12.0.6",
        "@types/node": "^22.19.17",
        "semantic-release": "^25.0.3",
        "typescript": "^5.8.3",
        "vitest": "^4.1.2"
      },
      "engines": {
        "node": ">=18"
      }
    },
    "node_modules/@ewoudenberg/difflib": {
      "version": "0.1.0",
      "dependencies": {
        "heap": ">= 0.2.0"
      }
    },
    "node_modules/colors": {
      "version": "1.4.0",
      "license": "MIT",
      "engines": {
        "node": ">=0.1.90"
      }
    },
    "node_modules/dreamopt": {
      "version": "0.8.0",
      "dependencies": {
        "wordwrap": ">=0.0.2"
      },
      "engines": {
        "node": ">=0.4.0"
      }
    },
    "node_modules/heap": {
      "version": "0.2.7",
      "license": "MIT"
    },
    "node_modules/json-diff": {
      "version": "1.0.6",
      "license": "MIT",
      "dependencies": {
        "@ewoudenberg/difflib": "0.1.0",
        "colors": "^1.4.0",
        "dreamopt": "~0.8.0"
      },
      "bin": {
        "json-diff": "bin/json-diff.js"
      },
      "engines": {
        "node": "*"
      }
    },
    "node_modules/wordwrap": {
      "version": "1.0.0",
      "license": "MIT"
    },
    "node_modules/yaml": {
      "version": "2.8.3",
      "license": "ISC",
      "bin": {
        "yaml": "bin.mjs"
      },
      "engines": {
        "node": ">= 14.6"
      },
      "funding": {
        "url": "https://github.com/sponsors/eemeli"
      }
    }
  }
}
